
Microsoft Visual Studio Solution File, Format Version 12.00
# Visual Studio Version 17
VisualStudioVersion = 17.14.36414.22 d17.14
MinimumVisualStudioVersion = 10.0.40219.1
Project("{FAE04EC0-301F-11D3-BF4B-00C04F79EFBC}") = "PyWin", "PyWin\PyWin.csproj", "{2E40B9C7-66B7-4074-B9D3-B6CC79431DCB}"
EndProject
Global
	GlobalSection(SolutionConfigurationPlatforms) = preSolution
		Debug|Any CPU = Debug|Any CPU
		Release|Any CPU = Release|Any CPU
	EndGlobalSection
	GlobalSection(ProjectConfigurationPlatforms) = postSolution
		{2E40B9C7-66B7-4074-B9D3-B6CC79431DCB}.Debug|Any CPU.ActiveCfg = Debug|Any CPU
		{2E40B9C7-66B7-4074-B9D3-B6CC79431DCB}.Debug|Any CPU.Build.0 = Debug|Any CPU
		{2E40B9C7-66B7-4074-B9D3-B6CC79431DCB}.Release|Any CPU.ActiveCfg = Release|Any CPU
		{2E40B9C7-66B7-4074-B9D3-B6CC79431DCB}.Release|Any CPU.Build.0 = Release|Any CPU
	EndGlobalSection
	GlobalSection(SolutionProperties) = preSolution
		HideSolutionNode = FALSE
	EndGlobalSection
	GlobalSection(ExtensibilityGlobals) = postSolution
		SolutionGuid = {1BE90927-AD28-4328-815A-333F32178465}
	EndGlobalSection
EndGlobal
